
Microsoft Visual Studio Solution File, Format Version 12.00
# Visual Studio Version 17
VisualStudioVersion = 17.11.35312.102
MinimumVisualStudioVersion = 10.0.40219.1
Project("{9A19103F-16F7-4668-BE54-9A1E7A4F7556}") = "SmartPass.RepoGateway", "SmartPass.RepoGateway\SmartPass.RepoGateway.csproj", "{3279EBA9-6CE4-4352-A69F-460E463DAFE1}"
	ProjectSection(ProjectDependencies) = postProject
		{DB16AD6A-4A54-4113-AC6F-845DC7645B78} = {DB16AD6A-4A54-4113-AC6F-845DC7645B78}
		{EDACE469-2C8D-41BE-92A8-AE112706B77B} = {EDACE469-2C8D-41BE-92A8-AE112706B77B}
	EndProjectSection
EndProject
Project("{2150E333-8FDC-42A3-9474-1A3956D46DE8}") = "1.DataAccess", "1.DataAccess", "{B2D54304-4091-4DC3-A3BD-35EA37C42DD7}"
EndProject
Project("{9A19103F-16F7-4668-BE54-9A1E7A4F7556}") = "SmartPass.Repository", "SmartPass.Domain\SmartPass.Repository.csproj", "{DB16AD6A-4A54-4113-AC6F-845DC7645B78}"
EndProject
Project("{2150E333-8FDC-42A3-9474-1A3956D46DE8}") = "src", "src", "{A9B4D829-15FE-4B11-B94A-3BEBC9ECCD72}"
EndProject
Project("{2150E333-8FDC-42A3-9474-1A3956D46DE8}") = "2.Services", "2.Services", "{ADE21596-7E09-46CA-9F8F-653CF9B3CA01}"
EndProject
Project("{9A19103F-16F7-4668-BE54-9A1E7A4F7556}") = "SmartPass.Services", "SmartPass.Services\SmartPass.Services.csproj", "{EDACE469-2C8D-41BE-92A8-AE112706B77B}"
	ProjectSection(ProjectDependencies) = postProject
		{DB16AD6A-4A54-4113-AC6F-845DC7645B78} = {DB16AD6A-4A54-4113-AC6F-845DC7645B78}
	EndProjectSection
EndProject
Global
	GlobalSection(SolutionConfigurationPlatforms) = preSolution
		Debug|Any CPU = Debug|Any CPU
		Release|Any CPU = Release|Any CPU
	EndGlobalSection
	GlobalSection(ProjectConfigurationPlatforms) = postSolution
		{3279EBA9-6CE4-4352-A69F-460E463DAFE1}.Debug|Any CPU.ActiveCfg = Debug|Any CPU
		{3279EBA9-6CE4-4352-A69F-460E463DAFE1}.Debug|Any CPU.Build.0 = Debug|Any CPU
		{3279EBA9-6CE4-4352-A69F-460E463DAFE1}.Release|Any CPU.ActiveCfg = Release|Any CPU
		{3279EBA9-6CE4-4352-A69F-460E463DAFE1}.Release|Any CPU.Build.0 = Release|Any CPU
		{DB16AD6A-4A54-4113-AC6F-845DC7645B78}.Debug|Any CPU.ActiveCfg = Debug|Any CPU
		{DB16AD6A-4A54-4113-AC6F-845DC7645B78}.Debug|Any CPU.Build.0 = Debug|Any CPU
		{DB16AD6A-4A54-4113-AC6F-845DC7645B78}.Release|Any CPU.ActiveCfg = Release|Any CPU
		{DB16AD6A-4A54-4113-AC6F-845DC7645B78}.Release|Any CPU.Build.0 = Release|Any CPU
		{EDACE469-2C8D-41BE-92A8-AE112706B77B}.Debug|Any CPU.ActiveCfg = Debug|Any CPU
		{EDACE469-2C8D-41BE-92A8-AE112706B77B}.Debug|Any CPU.Build.0 = Debug|Any CPU
		{EDACE469-2C8D-41BE-92A8-AE112706B77B}.Release|Any CPU.ActiveCfg = Release|Any CPU
		{EDACE469-2C8D-41BE-92A8-AE112706B77B}.Release|Any CPU.Build.0 = Release|Any CPU
	EndGlobalSection
	GlobalSection(SolutionProperties) = preSolution
		HideSolutionNode = FALSE
	EndGlobalSection
	GlobalSection(NestedProjects) = preSolution
		{3279EBA9-6CE4-4352-A69F-460E463DAFE1} = {A9B4D829-15FE-4B11-B94A-3BEBC9ECCD72}
		{B2D54304-4091-4DC3-A3BD-35EA37C42DD7} = {A9B4D829-15FE-4B11-B94A-3BEBC9ECCD72}
		{DB16AD6A-4A54-4113-AC6F-845DC7645B78} = {B2D54304-4091-4DC3-A3BD-35EA37C42DD7}
		{ADE21596-7E09-46CA-9F8F-653CF9B3CA01} = {A9B4D829-15FE-4B11-B94A-3BEBC9ECCD72}
		{EDACE469-2C8D-41BE-92A8-AE112706B77B} = {ADE21596-7E09-46CA-9F8F-653CF9B3CA01}
	EndGlobalSection
	GlobalSection(ExtensibilityGlobals) = postSolution
		SolutionGuid = {036EBBED-3DB4-4501-95A8-7DF4C20EFB37}
	EndGlobalSection
EndGlobal
